
Microsoft Visual Studio Solution File, Format Version 12.00
# Visual Studio 15
VisualStudioVersion = 15.0.26124.0
MinimumVisualStudioVersion = 15.0.26124.0
Project("{9A19103F-16F7-4668-BE54-9A1E7A4F7556}") = "DistribuicaoLucro.Api", "src\distribuicao-lucro-api\DistribuicaoLucro.Api.csproj", "{EBB018F7-263E-43E4-9769-E6A6118109E2}"
EndProject
Project("{9A19103F-16F7-4668-BE54-9A1E7A4F7556}") = "DistribuicaoLucro.Service", "src\distribuicao-lucro-service\DistribuicaoLucro.Service.csproj", "{CF0BAD17-565E-4F21-A04B-8AB27559F5F2}"
EndProject
Project("{9A19103F-16F7-4668-BE54-9A1E7A4F7556}") = "DistribuicaoLucro.Repository", "src\distribuicao-lucro-repository\DistribuicaoLucro.Repository.csproj", "{86634470-6E18-4DD2-9386-9935C351326F}"
EndProject
Global
	GlobalSection(SolutionConfigurationPlatforms) = preSolution
		Debug|Any CPU = Debug|Any CPU
		Release|Any CPU = Release|Any CPU
	EndGlobalSection
	GlobalSection(ProjectConfigurationPlatforms) = postSolution
		{EBB018F7-263E-43E4-9769-E6A6118109E2}.Debug|Any CPU.ActiveCfg = Debug|Any CPU
		{EBB018F7-263E-43E4-9769-E6A6118109E2}.Debug|Any CPU.Build.0 = Debug|Any CPU
		{EBB018F7-263E-43E4-9769-E6A6118109E2}.Release|Any CPU.ActiveCfg = Release|Any CPU
		{EBB018F7-263E-43E4-9769-E6A6118109E2}.Release|Any CPU.Build.0 = Release|Any CPU
		{CF0BAD17-565E-4F21-A04B-8AB27559F5F2}.Debug|Any CPU.ActiveCfg = Debug|Any CPU
		{CF0BAD17-565E-4F21-A04B-8AB27559F5F2}.Debug|Any CPU.Build.0 = Debug|Any CPU
		{CF0BAD17-565E-4F21-A04B-8AB27559F5F2}.Release|Any CPU.ActiveCfg = Release|Any CPU
		{CF0BAD17-565E-4F21-A04B-8AB27559F5F2}.Release|Any CPU.Build.0 = Release|Any CPU
		{86634470-6E18-4DD2-9386-9935C351326F}.Debug|Any CPU.ActiveCfg = Debug|Any CPU
		{86634470-6E18-4DD2-9386-9935C351326F}.Debug|Any CPU.Build.0 = Debug|Any CPU
		{86634470-6E18-4DD2-9386-9935C351326F}.Release|Any CPU.ActiveCfg = Release|Any CPU
		{86634470-6E18-4DD2-9386-9935C351326F}.Release|Any CPU.Build.0 = Release|Any CPU
	EndGlobalSection
	GlobalSection(SolutionProperties) = preSolution
		HideSolutionNode = FALSE
	EndGlobalSection
	GlobalSection(ExtensibilityGlobals) = postSolution
		SolutionGuid = {31A60AF2-FFD3-4BAC-9DEB-A45A5945D3BB}
	EndGlobalSection
EndGlobal
